
Microsoft Visual Studio Solution File, Format Version 12.00
# Visual Studio 15
VisualStudioVersion = 15.0.26923.0
MinimumVisualStudioVersion = 10.0.40219.1
Project("{2150E333-8FDC-42A3-9474-1A3956D46DE8}") = "Tests", "Tests", "{70515E66-DAF8-4D18-8F8F-8A2934171AA9}"
EndProject
Project("{2150E333-8FDC-42A3-9474-1A3956D46DE8}") = "Solution Items", "Solution Items", "{4E12E4C1-2EC6-4EC7-8956-AF2721DA4ECE}"
	ProjectSection(SolutionItems) = preProject
		.editorconfig = .editorconfig
		build\common.props = build\common.props
		README.md = README.md
		docker-compose.yml = docker-compose.yml
	EndProjectSection
EndProject
Project("{9A19103F-16F7-4668-BE54-9A1E7A4F7556}") = "Foundatio.RabbitMQ", "src\Foundatio.RabbitMQ\Foundatio.RabbitMQ.csproj", "{EAE3607D-73A1-4D02-BDAA-24A37DDA15CB}"
EndProject
Project("{9A19103F-16F7-4668-BE54-9A1E7A4F7556}") = "Foundatio.RabbitMQ.Tests", "tests\Foundatio.RabbitMQ.Tests\Foundatio.RabbitMQ.Tests.csproj", "{9832E1F4-C826-4704-890A-00F330BC5913}"
EndProject
Project("{2150E333-8FDC-42A3-9474-1A3956D46DE8}") = "Samples", "Samples", "{AA4CFEA3-A476-4B1C-91C4-C219C6DFC2C2}"
EndProject
Project("{9A19103F-16F7-4668-BE54-9A1E7A4F7556}") = "Foundatio.RabbitMQ.Publish", "samples\Foundatio.RabbitMQ.Publish\Foundatio.RabbitMQ.Publish.csproj", "{9C984561-184A-4708-82C0-A9ADA2D13E02}"
EndProject
Project("{9A19103F-16F7-4668-BE54-9A1E7A4F7556}") = "Foundatio.RabbitMQ.Subscribe", "samples\Foundatio.RabbitMQ.Subscribe\Foundatio.RabbitMQ.Subscribe.csproj", "{D2C982EB-E879-4F5C-BD9E-17445EBA1E26}"
EndProject
Global
	GlobalSection(SolutionConfigurationPlatforms) = preSolution
		Debug|Any CPU = Debug|Any CPU
		Debug|x64 = Debug|x64
		Debug|x86 = Debug|x86
		Release|Any CPU = Release|Any CPU
		Release|x64 = Release|x64
		Release|x86 = Release|x86
	EndGlobalSection
	GlobalSection(ProjectConfigurationPlatforms) = postSolution
		{EAE3607D-73A1-4D02-BDAA-24A37DDA15CB}.Debug|Any CPU.ActiveCfg = Debug|Any CPU
		{EAE3607D-73A1-4D02-BDAA-24A37DDA15CB}.Debug|Any CPU.Build.0 = Debug|Any CPU
		{EAE3607D-73A1-4D02-BDAA-24A37DDA15CB}.Debug|x64.ActiveCfg = Debug|Any CPU
		{EAE3607D-73A1-4D02-BDAA-24A37DDA15CB}.Debug|x64.Build.0 = Debug|Any CPU
		{EAE3607D-73A1-4D02-BDAA-24A37DDA15CB}.Debug|x86.ActiveCfg = Debug|Any CPU
		{EAE3607D-73A1-4D02-BDAA-24A37DDA15CB}.Debug|x86.Build.0 = Debug|Any CPU
		{EAE3607D-73A1-4D02-BDAA-24A37DDA15CB}.Release|Any CPU.ActiveCfg = Release|Any CPU
		{EAE3607D-73A1-4D02-BDAA-24A37DDA15CB}.Release|Any CPU.Build.0 = Release|Any CPU
		{EAE3607D-73A1-4D02-BDAA-24A37DDA15CB}.Release|x64.ActiveCfg = Release|Any CPU
		{EAE3607D-73A1-4D02-BDAA-24A37DDA15CB}.Release|x64.Build.0 = Release|Any CPU
		{EAE3607D-73A1-4D02-BDAA-24A37DDA15CB}.Release|x86.ActiveCfg = Release|Any CPU
		{EAE3607D-73A1-4D02-BDAA-24A37DDA15CB}.Release|x86.Build.0 = Release|Any CPU
		{9832E1F4-C826-4704-890A-00F330BC5913}.Debug|Any CPU.ActiveCfg = Debug|Any CPU
		{9832E1F4-C826-4704-890A-00F330BC5913}.Debug|Any CPU.Build.0 = Debug|Any CPU
		{9832E1F4-C826-4704-890A-00F330BC5913}.Debug|x64.ActiveCfg = Debug|Any CPU
		{9832E1F4-C826-4704-890A-00F330BC5913}.Debug|x64.Build.0 = Debug|Any CPU
		{9832E1F4-C826-4704-890A-00F330BC5913}.Debug|x86.ActiveCfg = Debug|Any CPU
		{9832E1F4-C826-4704-890A-00F330BC5913}.Debug|x86.Build.0 = Debug|Any CPU
		{9832E1F4-C826-4704-890A-00F330BC5913}.Release|Any CPU.ActiveCfg = Release|Any CPU
		{9832E1F4-C826-4704-890A-00F330BC5913}.Release|Any CPU.Build.0 = Release|Any CPU
		{9832E1F4-C826-4704-890A-00F330BC5913}.Release|x64.ActiveCfg = Release|Any CPU
		{9832E1F4-C826-4704-890A-00F330BC5913}.Release|x64.Build.0 = Release|Any CPU
		{9832E1F4-C826-4704-890A-00F330BC5913}.Release|x86.ActiveCfg = Release|Any CPU
		{9832E1F4-C826-4704-890A-00F330BC5913}.Release|x86.Build.0 = Release|Any CPU
		{9C984561-184A-4708-82C0-A9ADA2D13E02}.Debug|Any CPU.ActiveCfg = Debug|Any CPU
		{9C984561-184A-4708-82C0-A9ADA2D13E02}.Debug|Any CPU.Build.0 = Debug|Any CPU
		{9C984561-184A-4708-82C0-A9ADA2D13E02}.Debug|x64.ActiveCfg = Debug|Any CPU
		{9C984561-184A-4708-82C0-A9ADA2D13E02}.Debug|x64.Build.0 = Debug|Any CPU
		{9C984561-184A-4708-82C0-A9ADA2D13E02}.Debug|x86.ActiveCfg = Debug|Any CPU
		{9C984561-184A-4708-82C0-A9ADA2D13E02}.Debug|x86.Build.0 = Debug|Any CPU
		{9C984561-184A-4708-82C0-A9ADA2D13E02}.Release|Any CPU.ActiveCfg = Release|Any CPU
		{9C984561-184A-4708-82C0-A9ADA2D13E02}.Release|Any CPU.Build.0 = Release|Any CPU
		{9C984561-184A-4708-82C0-A9ADA2D13E02}.Release|x64.ActiveCfg = Release|Any CPU
		{9C984561-184A-4708-82C0-A9ADA2D13E02}.Release|x64.Build.0 = Release|Any CPU
		{9C984561-184A-4708-82C0-A9ADA2D13E02}.Release|x86.ActiveCfg = Release|Any CPU
		{9C984561-184A-4708-82C0-A9ADA2D13E02}.Release|x86.Build.0 = Release|Any CPU
		{D2C982EB-E879-4F5C-BD9E-17445EBA1E26}.Debug|Any CPU.ActiveCfg = Debug|Any CPU
		{D2C982EB-E879-4F5C-BD9E-17445EBA1E26}.Debug|Any CPU.Build.0 = Debug|Any CPU
		{D2C982EB-E879-4F5C-BD9E-17445EBA1E26}.Debug|x64.ActiveCfg = Debug|Any CPU
		{D2C982EB-E879-4F5C-BD9E-17445EBA1E26}.Debug|x64.Build.0 = Debug|Any CPU
		{D2C982EB-E879-4F5C-BD9E-17445EBA1E26}.Debug|x86.ActiveCfg = Debug|Any CPU
		{D2C982EB-E879-4F5C-BD9E-17445EBA1E26}.Debug|x86.Build.0 = Debug|Any CPU
		{D2C982EB-E879-4F5C-BD9E-17445EBA1E26}.Release|Any CPU.ActiveCfg = Release|Any CPU
		{D2C982EB-E879-4F5C-BD9E-17445EBA1E26}.Release|Any CPU.Build.0 = Release|Any CPU
		{D2C982EB-E879-4F5C-BD9E-17445EBA1E26}.Release|x64.ActiveCfg = Release|Any CPU
		{D2C982EB-E879-4F5C-BD9E-17445EBA1E26}.Release|x64.Build.0 = Release|Any CPU
		{D2C982EB-E879-4F5C-BD9E-17445EBA1E26}.Release|x86.ActiveCfg = Release|Any CPU
		{D2C982EB-E879-4F5C-BD9E-17445EBA1E26}.Release|x86.Build.0 = Release|Any CPU
	EndGlobalSection
	GlobalSection(SolutionProperties) = preSolution
		HideSolutionNode = FALSE
	EndGlobalSection
	GlobalSection(NestedProjects) = preSolution
		{9832E1F4-C826-4704-890A-00F330BC5913} = {70515E66-DAF8-4D18-8F8F-8A2934171AA9}
		{9C984561-184A-4708-82C0-A9ADA2D13E02} = {AA4CFEA3-A476-4B1C-91C4-C219C6DFC2C2}
		{D2C982EB-E879-4F5C-BD9E-17445EBA1E26} = {AA4CFEA3-A476-4B1C-91C4-C219C6DFC2C2}
	EndGlobalSection
	GlobalSection(ExtensibilityGlobals) = postSolution
		SolutionGuid = {2D850136-CBAA-4910-B467-4F1243DB267E}
	EndGlobalSection
EndGlobal
